
Microsoft Visual Studio Solution File, Format Version 12.00
# Visual Studio Version 17
VisualStudioVersion = 17.2.32630.192
MinimumVisualStudioVersion = 10.0.40219.1
Project("{9A19103F-16F7-4668-BE54-9A1E7A4F7556}") = "backend", "backend.csproj", "{3CBA3EB4-6BF1-4B03-9BF9-963F6FEAB6EE}"
EndProject
Project("{FAE04EC0-301F-11D3-BF4B-00C04F79EFBC}") = "WebApiTest", "..\WebApiTest\WebApiTest.csproj", "{49D483FC-31A5-48F0-B07D-FCD7B1B203FF}"
EndProject
Global
	GlobalSection(SolutionConfigurationPlatforms) = preSolution
		Debug|Any CPU = Debug|Any CPU
		Release|Any CPU = Release|Any CPU
	EndGlobalSection
	GlobalSection(ProjectConfigurationPlatforms) = postSolution
		{3CBA3EB4-6BF1-4B03-9BF9-963F6FEAB6EE}.Debug|Any CPU.ActiveCfg = Debug|Any CPU
		{3CBA3EB4-6BF1-4B03-9BF9-963F6FEAB6EE}.Debug|Any CPU.Build.0 = Debug|Any CPU
		{3CBA3EB4-6BF1-4B03-9BF9-963F6FEAB6EE}.Release|Any CPU.ActiveCfg = Release|Any CPU
		{3CBA3EB4-6BF1-4B03-9BF9-963F6FEAB6EE}.Release|Any CPU.Build.0 = Release|Any CPU
		{49D483FC-31A5-48F0-B07D-FCD7B1B203FF}.Debug|Any CPU.ActiveCfg = Debug|Any CPU
		{49D483FC-31A5-48F0-B07D-FCD7B1B203FF}.Debug|Any CPU.Build.0 = Debug|Any CPU
		{49D483FC-31A5-48F0-B07D-FCD7B1B203FF}.Release|Any CPU.ActiveCfg = Release|Any CPU
		{49D483FC-31A5-48F0-B07D-FCD7B1B203FF}.Release|Any CPU.Build.0 = Release|Any CPU
	EndGlobalSection
	GlobalSection(SolutionProperties) = preSolution
		HideSolutionNode = FALSE
	EndGlobalSection
	GlobalSection(ExtensibilityGlobals) = postSolution
		SolutionGuid = {F0D4D963-FF19-42EA-AB03-E1A8203F7408}
	EndGlobalSection
EndGlobal
